
Microsoft Visual Studio Solution File, Format Version 12.00
# Visual Studio Version 16
VisualStudioVersion = 16.0.31702.278
MinimumVisualStudioVersion = 10.0.40219.1
Project("{FAE04EC0-301F-11D3-BF4B-00C04F79EFBC}") = "OOPsSamples", "OOPsSamples\OOPsSamples.csproj", "{0FDFA4AC-397B-4FAD-8C9D-E3428FFF1CDF}"
EndProject
Global
	GlobalSection(SolutionConfigurationPlatforms) = preSolution
		Debug|Any CPU = Debug|Any CPU
		Release|Any CPU = Release|Any CPU
	EndGlobalSection
	GlobalSection(ProjectConfigurationPlatforms) = postSolution
		{0FDFA4AC-397B-4FAD-8C9D-E3428FFF1CDF}.Debug|Any CPU.ActiveCfg = Debug|Any CPU
		{0FDFA4AC-397B-4FAD-8C9D-E3428FFF1CDF}.Debug|Any CPU.Build.0 = Debug|Any CPU
		{0FDFA4AC-397B-4FAD-8C9D-E3428FFF1CDF}.Release|Any CPU.ActiveCfg = Release|Any CPU
		{0FDFA4AC-397B-4FAD-8C9D-E3428FFF1CDF}.Release|Any CPU.Build.0 = Release|Any CPU
	EndGlobalSection
	GlobalSection(SolutionProperties) = preSolution
		HideSolutionNode = FALSE
	EndGlobalSection
	GlobalSection(ExtensibilityGlobals) = postSolution
		SolutionGuid = {55FCAF99-D932-4C75-8783-F54EA841866B}
	EndGlobalSection
EndGlobal
