
Microsoft Visual Studio Solution File, Format Version 12.00
# Visual Studio Version 16
VisualStudioVersion = 16.0.31702.278
MinimumVisualStudioVersion = 10.0.40219.1
Project("{FAE04EC0-301F-11D3-BF4B-00C04F79EFBC}") = "EFDemos", "EFDemos\EFDemos.csproj", "{BBBD05E7-F60A-4204-BE33-44C822C56E8C}"
EndProject
Global
	GlobalSection(SolutionConfigurationPlatforms) = preSolution
		Debug|Any CPU = Debug|Any CPU
		Release|Any CPU = Release|Any CPU
	EndGlobalSection
	GlobalSection(ProjectConfigurationPlatforms) = postSolution
		{BBBD05E7-F60A-4204-BE33-44C822C56E8C}.Debug|Any CPU.ActiveCfg = Debug|Any CPU
		{BBBD05E7-F60A-4204-BE33-44C822C56E8C}.Debug|Any CPU.Build.0 = Debug|Any CPU
		{BBBD05E7-F60A-4204-BE33-44C822C56E8C}.Release|Any CPU.ActiveCfg = Release|Any CPU
		{BBBD05E7-F60A-4204-BE33-44C822C56E8C}.Release|Any CPU.Build.0 = Release|Any CPU
	EndGlobalSection
	GlobalSection(SolutionProperties) = preSolution
		HideSolutionNode = FALSE
	EndGlobalSection
	GlobalSection(ExtensibilityGlobals) = postSolution
		SolutionGuid = {E45B82EF-D207-4463-B943-5AF8840F6ADB}
	EndGlobalSection
EndGlobal
